
Microsoft Visual Studio Solution File, Format Version 12.00
# Visual Studio Version 17
VisualStudioVersion = 17.9.34622.214
MinimumVisualStudioVersion = 10.0.40219.1
Project("{9A19103F-16F7-4668-BE54-9A1E7A4F7556}") = "OrderManagement", "OrderManagement.csproj", "{7014E35A-A33B-4F39-8A3A-A3337F187A17}"
EndProject
Project("{FAE04EC0-301F-11D3-BF4B-00C04F79EFBC}") = "OrderManagementApp", "..\OrderManagementApp\OrderManagementApp.csproj", "{38327D6B-FDC0-4699-941D-6ED0EDF31B8D}"
EndProject
Global
	GlobalSection(SolutionConfigurationPlatforms) = preSolution
		Debug|Any CPU = Debug|Any CPU
		Release|Any CPU = Release|Any CPU
	EndGlobalSection
	GlobalSection(ProjectConfigurationPlatforms) = postSolution
		{7014E35A-A33B-4F39-8A3A-A3337F187A17}.Debug|Any CPU.ActiveCfg = Debug|Any CPU
		{7014E35A-A33B-4F39-8A3A-A3337F187A17}.Debug|Any CPU.Build.0 = Debug|Any CPU
		{7014E35A-A33B-4F39-8A3A-A3337F187A17}.Release|Any CPU.ActiveCfg = Release|Any CPU
		{7014E35A-A33B-4F39-8A3A-A3337F187A17}.Release|Any CPU.Build.0 = Release|Any CPU
		{38327D6B-FDC0-4699-941D-6ED0EDF31B8D}.Debug|Any CPU.ActiveCfg = Debug|Any CPU
		{38327D6B-FDC0-4699-941D-6ED0EDF31B8D}.Debug|Any CPU.Build.0 = Debug|Any CPU
		{38327D6B-FDC0-4699-941D-6ED0EDF31B8D}.Release|Any CPU.ActiveCfg = Release|Any CPU
		{38327D6B-FDC0-4699-941D-6ED0EDF31B8D}.Release|Any CPU.Build.0 = Release|Any CPU
	EndGlobalSection
	GlobalSection(SolutionProperties) = preSolution
		HideSolutionNode = FALSE
	EndGlobalSection
	GlobalSection(ExtensibilityGlobals) = postSolution
		SolutionGuid = {48935229-7FE4-4FE2-A066-A666E01DA12D}
	EndGlobalSection
EndGlobal
